
Microsoft Visual Studio Solution File, Format Version 12.00
# Visual Studio Version 17
VisualStudioVersion = 17.4.33213.308
MinimumVisualStudioVersion = 10.0.40219.1
Project("{FAE04EC0-301F-11D3-BF4B-00C04F79EFBC}") = "baitap_mvc_3", "baitap_mvc_3\baitap_mvc_3.csproj", "{F97D82AE-4D99-4CEB-954F-15C96094AFC1}"
EndProject
Global
	GlobalSection(SolutionConfigurationPlatforms) = preSolution
		Debug|Any CPU = Debug|Any CPU
		Release|Any CPU = Release|Any CPU
	EndGlobalSection
	GlobalSection(ProjectConfigurationPlatforms) = postSolution
		{F97D82AE-4D99-4CEB-954F-15C96094AFC1}.Debug|Any CPU.ActiveCfg = Debug|Any CPU
		{F97D82AE-4D99-4CEB-954F-15C96094AFC1}.Debug|Any CPU.Build.0 = Debug|Any CPU
		{F97D82AE-4D99-4CEB-954F-15C96094AFC1}.Release|Any CPU.ActiveCfg = Release|Any CPU
		{F97D82AE-4D99-4CEB-954F-15C96094AFC1}.Release|Any CPU.Build.0 = Release|Any CPU
	EndGlobalSection
	GlobalSection(SolutionProperties) = preSolution
		HideSolutionNode = FALSE
	EndGlobalSection
	GlobalSection(ExtensibilityGlobals) = postSolution
		SolutionGuid = {AE1C6452-1184-429C-B75C-19813545EB3F}
	EndGlobalSection
EndGlobal
